
Microsoft Visual Studio Solution File, Format Version 12.00
# Visual Studio Version 17
VisualStudioVersion = 17.3.32825.248
MinimumVisualStudioVersion = 10.0.40219.1
Project("{FAE04EC0-301F-11D3-BF4B-00C04F79EFBC}") = "raktar", "raktar\raktar.csproj", "{1803ED7E-413F-47EF-A110-C3E2F0DB7D6A}"
EndProject
Global
	GlobalSection(SolutionConfigurationPlatforms) = preSolution
		Debug|Any CPU = Debug|Any CPU
		Release|Any CPU = Release|Any CPU
	EndGlobalSection
	GlobalSection(ProjectConfigurationPlatforms) = postSolution
		{1803ED7E-413F-47EF-A110-C3E2F0DB7D6A}.Debug|Any CPU.ActiveCfg = Debug|Any CPU
		{1803ED7E-413F-47EF-A110-C3E2F0DB7D6A}.Debug|Any CPU.Build.0 = Debug|Any CPU
		{1803ED7E-413F-47EF-A110-C3E2F0DB7D6A}.Release|Any CPU.ActiveCfg = Release|Any CPU
		{1803ED7E-413F-47EF-A110-C3E2F0DB7D6A}.Release|Any CPU.Build.0 = Release|Any CPU
	EndGlobalSection
	GlobalSection(SolutionProperties) = preSolution
		HideSolutionNode = FALSE
	EndGlobalSection
	GlobalSection(ExtensibilityGlobals) = postSolution
		SolutionGuid = {EA6867CB-9DCB-4827-8C2B-688DB3548116}
	EndGlobalSection
EndGlobal
